// !$*UTF8*$!
{
	archiveVersion = 1;
	classes = {
	};
	objectVersion = 56;
	objects = {

/* Begin PBXBuildFile section */
		803AD29F2AFE03C300C9941E /* AppDelegate.swift in Sources */ = {isa = PBXBuildFile; fileRef = 803AD29E2AFE03C300C9941E /* AppDelegate.swift */; };
		803AD2A12AFE03C300C9941E /* SceneDelegate.swift in Sources */ = {isa = PBXBuildFile; fileRef = 803AD2A02AFE03C300C9941E /* SceneDelegate.swift */; };
		803AD2A32AFE03C300C9941E /* LoginViewController.swift in Sources */ = {isa = PBXBuildFile; fileRef = 803AD2A22AFE03C300C9941E /* LoginViewController.swift */; };
		803AD2A62AFE03C300C9941E /* Main.storyboard in Resources */ = {isa = PBXBuildFile; fileRef = 803AD2A42AFE03C300C9941E /* Main.storyboard */; };
		803AD2A82AFE03C400C9941E /* Assets.xcassets in Resources */ = {isa = PBXBuildFile; fileRef = 803AD2A72AFE03C400C9941E /* Assets.xcassets */; };
		803AD2AB2AFE03C400C9941E /* LaunchScreen.storyboard in Resources */ = {isa = PBXBuildFile; fileRef = 803AD2A92AFE03C400C9941E /* LaunchScreen.storyboard */; };
		803AD2BA2B0360D000C9941E /* HomeViewController.swift in Sources */ = {isa = PBXBuildFile; fileRef = 803AD2B92B0360D000C9941E /* HomeViewController.swift */; };
		803AD2C22B03879400C9941E /* KakaoSDK in Frameworks */ = {isa = PBXBuildFile; productRef = 803AD2C12B03879400C9941E /* KakaoSDK */; };
		803AD2C42B03879400C9941E /* KakaoSDKAuth in Frameworks */ = {isa = PBXBuildFile; productRef = 803AD2C32B03879400C9941E /* KakaoSDKAuth */; };
		803AD2C62B03879400C9941E /* KakaoSDKCert in Frameworks */ = {isa = PBXBuildFile; productRef = 803AD2C52B03879400C9941E /* KakaoSDKCert */; };
		803AD2C82B03879400C9941E /* KakaoSDKCertCore in Frameworks */ = {isa = PBXBuildFile; productRef = 803AD2C72B03879400C9941E /* KakaoSDKCertCore */; };
		803AD2CA2B03879400C9941E /* KakaoSDKCommon in Frameworks */ = {isa = PBXBuildFile; productRef = 803AD2C92B03879400C9941E /* KakaoSDKCommon */; };
		803AD2CC2B03879400C9941E /* KakaoSDKFriend in Frameworks */ = {isa = PBXBuildFile; productRef = 803AD2CB2B03879400C9941E /* KakaoSDKFriend */; };
		803AD2CE2B03879400C9941E /* KakaoSDKFriendCore in Frameworks */ = {isa = PBXBuildFile; productRef = 803AD2CD2B03879400C9941E /* KakaoSDKFriendCore */; };
		803AD2D02B03879400C9941E /* KakaoSDKNavi in Frameworks */ = {isa = PBXBuildFile; productRef = 803AD2CF2B03879400C9941E /* KakaoSDKNavi */; };
		803AD2D22B03879400C9941E /* KakaoSDKShare in Frameworks */ = {isa = PBXBuildFile; productRef = 803AD2D12B03879400C9941E /* KakaoSDKShare */; };
		803AD2D42B03879400C9941E /* KakaoSDKTalk in Frameworks */ = {isa = PBXBuildFile; productRef = 803AD2D32B03879400C9941E /* KakaoSDKTalk */; };
		803AD2D62B03879400C9941E /* KakaoSDKTemplate in Frameworks */ = {isa = PBXBuildFile; productRef = 803AD2D52B03879400C9941E /* KakaoSDKTemplate */; };
		803AD2D82B03879400C9941E /* KakaoSDKUser in Frameworks */ = {isa = PBXBuildFile; productRef = 803AD2D72B03879400C9941E /* KakaoSDKUser */; };
/* End PBXBuildFile section */

/* Begin PBXFileReference section */
		803AD29B2AFE03C300C9941E /* Login_Test.app */ = {isa = PBXFileReference; explicitFileType = wrapper.application; includeInIndex = 0; path = Login_Test.app; sourceTree = BUILT_PRODUCTS_DIR; };
		803AD29E2AFE03C300C9941E /* AppDelegate.swift */ = {isa = PBXFileReference; lastKnownFileType = sourcecode.swift; path = AppDelegate.swift; sourceTree = "<group>"; xcLanguageSpecificationIdentifier = xcode.lang.swift; };
		803AD2A02AFE03C300C9941E /* SceneDelegate.swift */ = {isa = PBXFileReference; lastKnownFileType = sourcecode.swift; path = SceneDelegate.swift; sourceTree = "<group>"; };
		803AD2A22AFE03C300C9941E /* LoginViewController.swift */ = {isa = PBXFileReference; lastKnownFileType = sourcecode.swift; path = LoginViewController.swift; sourceTree = "<group>"; };
		803AD2A52AFE03C300C9941E /* Base */ = {isa = PBXFileReference; lastKnownFileType = file.storyboard; name = Base; path = Base.lproj/Main.storyboard; sourceTree = "<group>"; };
		803AD2A72AFE03C400C9941E /* Assets.xcassets */ = {isa = PBXFileReference; lastKnownFileType = folder.assetcatalog; path = Assets.xcassets; sourceTree = "<group>"; };
		803AD2AA2AFE03C400C9941E /* Base */ = {isa = PBXFileReference; lastKnownFileType = file.storyboard; name = Base; path = Base.lproj/LaunchScreen.storyboard; sourceTree = "<group>"; };
		803AD2AC2AFE03C400C9941E /* Info.plist */ = {isa = PBXFileReference; lastKnownFileType = text.plist.xml; path = Info.plist; sourceTree = "<group>"; };
		803AD2B92B0360D000C9941E /* HomeViewController.swift */ = {isa = PBXFileReference; lastKnownFileType = sourcecode.swift; path = HomeViewController.swift; sourceTree = "<group>"; };
/* End PBXFileReference section */

/* Begin PBXFrameworksBuildPhase section */
		803AD2982AFE03C300C9941E /* Frameworks */ = {
			isa = PBXFrameworksBuildPhase;
			buildActionMask = 2147483647;
			files = (
				803AD2CE2B03879400C9941E /* KakaoSDKFriendCore in Frameworks */,
				803AD2C82B03879400C9941E /* KakaoSDKCertCore in Frameworks */,
				803AD2C62B03879400C9941E /* KakaoSDKCert in Frameworks */,
				803AD2D62B03879400C9941E /* KakaoSDKTemplate in Frameworks */,
				803AD2D02B03879400C9941E /* KakaoSDKNavi in Frameworks */,
				803AD2C22B03879400C9941E /* KakaoSDK in Frameworks */,
				803AD2CA2B03879400C9941E /* KakaoSDKCommon in Frameworks */,
				803AD2C42B03879400C9941E /* KakaoSDKAuth in Frameworks */,
				803AD2D82B03879400C9941E /* KakaoSDKUser in Frameworks */,
				803AD2D42B03879400C9941E /* KakaoSDKTalk in Frameworks */,
				803AD2CC2B03879400C9941E /* KakaoSDKFriend in Frameworks */,
				803AD2D22B03879400C9941E /* KakaoSDKShare in Frameworks */,
			);
			runOnlyForDeploymentPostprocessing = 0;
		};
/* End PBXFrameworksBuildPhase section */

/* Begin PBXGroup section */
		803AD2922AFE03C300C9941E = {
			isa = PBXGroup;
			children = (
				803AD29D2AFE03C300C9941E /* Login_Test */,
				803AD29C2AFE03C300C9941E /* Products */,
			);
			sourceTree = "<group>";
		};
		803AD29C2AFE03C300C9941E /* Products */ = {
			isa = PBXGroup;
			children = (
				803AD29B2AFE03C300C9941E /* Login_Test.app */,
			);
			name = Products;
			sourceTree = "<group>";
		};
		803AD29D2AFE03C300C9941E /* Login_Test */ = {
			isa = PBXGroup;
			children = (
				803AD29E2AFE03C300C9941E /* AppDelegate.swift */,
				803AD2A02AFE03C300C9941E /* SceneDelegate.swift */,
				803AD2A22AFE03C300C9941E /* LoginViewController.swift */,
				803AD2B92B0360D000C9941E /* HomeViewController.swift */,
				803AD2A42AFE03C300C9941E /* Main.storyboard */,
				803AD2A72AFE03C400C9941E /* Assets.xcassets */,
				803AD2A92AFE03C400C9941E /* LaunchScreen.storyboard */,
				803AD2AC2AFE03C400C9941E /* Info.plist */,
			);
			path = Login_Test;
			sourceTree = "<group>";
		};
/* End PBXGroup section */

/* Begin PBXNativeTarget section */
		803AD29A2AFE03C300C9941E /* Login_Test */ = {
			isa = PBXNativeTarget;
			buildConfigurationList = 803AD2AF2AFE03C400C9941E /* Build configuration list for PBXNativeTarget "Login_Test" */;
			buildPhases = (
				803AD2972AFE03C300C9941E /* Sources */,
				803AD2982AFE03C300C9941E /* Frameworks */,
				803AD2992AFE03C300C9941E /* Resources */,
			);
			buildRules = (
			);
			dependencies = (
			);
			name = Login_Test;
			packageProductDependencies = (
				803AD2C12B03879400C9941E /* KakaoSDK */,
				803AD2C32B03879400C9941E /* KakaoSDKAuth */,
				803AD2C52B03879400C9941E /* KakaoSDKCert */,
				803AD2C72B03879400C9941E /* KakaoSDKCertCore */,
				803AD2C92B03879400C9941E /* KakaoSDKCommon */,
				803AD2CB2B03879400C9941E /* KakaoSDKFriend */,
				803AD2CD2B03879400C9941E /* KakaoSDKFriendCore */,
				803AD2CF2B03879400C9941E /* KakaoSDKNavi */,
				803AD2D12B03879400C9941E /* KakaoSDKShare */,
				803AD2D32B03879400C9941E /* KakaoSDKTalk */,
				803AD2D52B03879400C9941E /* KakaoSDKTemplate */,
				803AD2D72B03879400C9941E /* KakaoSDKUser */,
			);
			productName = Login_Test;
			productReference = 803AD29B2AFE03C300C9941E /* Login_Test.app */;
			productType = "com.apple.product-type.application";
		};
/* End PBXNativeTarget section */

/* Begin PBXProject section */
		803AD2932AFE03C300C9941E /* Project object */ = {
			isa = PBXProject;
			attributes = {
				BuildIndependentTargetsInParallel = 1;
				LastSwiftUpdateCheck = 1500;
				LastUpgradeCheck = 1500;
				TargetAttributes = {
					803AD29A2AFE03C300C9941E = {
						CreatedOnToolsVersion = 15.0.1;
					};
				};
			};
			buildConfigurationList = 803AD2962AFE03C300C9941E /* Build configuration list for PBXProject "Login_Test" */;
			compatibilityVersion = "Xcode 14.0";
			developmentRegion = en;
			hasScannedForEncodings = 0;
			knownRegions = (
				en,
				Base,
			);
			mainGroup = 803AD2922AFE03C300C9941E;
			packageReferences = (
				803AD2C02B03879400C9941E /* XCRemoteSwiftPackageReference "kakao-ios-sdk" */,
			);
			productRefGroup = 803AD29C2AFE03C300C9941E /* Products */;
			projectDirPath = "";
			projectRoot = "";
			targets = (
				803AD29A2AFE03C300C9941E /* Login_Test */,
			);
		};
/* End PBXProject section */

/* Begin PBXResourcesBuildPhase section */
		803AD2992AFE03C300C9941E /* Resources */ = {
			isa = PBXResourcesBuildPhase;
			buildActionMask = 2147483647;
			files = (
				803AD2AB2AFE03C400C9941E /* LaunchScreen.storyboard in Resources */,
				803AD2A82AFE03C400C9941E /* Assets.xcassets in Resources */,
				803AD2A62AFE03C300C9941E /* Main.storyboard in Resources */,
			);
			runOnlyForDeploymentPostprocessing = 0;
		};
/* End PBXResourcesBuildPhase section */

/* Begin PBXSourcesBuildPhase section */
		803AD2972AFE03C300C9941E /* Sources */ = {
			isa = PBXSourcesBuildPhase;
			buildActionMask = 2147483647;
			files = (
				803AD2A32AFE03C300C9941E /* LoginViewController.swift in Sources */,
				803AD29F2AFE03C300C9941E /* AppDelegate.swift in Sources */,
				803AD2A12AFE03C300C9941E /* SceneDelegate.swift in Sources */,
				803AD2BA2B0360D000C9941E /* HomeViewController.swift in Sources */,
			);
			runOnlyForDeploymentPostprocessing = 0;
		};
/* End PBXSourcesBuildPhase section */

/* Begin PBXVariantGroup section */
		803AD2A42AFE03C300C9941E /* Main.storyboard */ = {
			isa = PBXVariantGroup;
			children = (
				803AD2A52AFE03C300C9941E /* Base */,
			);
			name = Main.storyboard;
			sourceTree = "<group>";
		};
		803AD2A92AFE03C400C9941E /* LaunchScreen.storyboard */ = {
			isa = PBXVariantGroup;
			children = (
				803AD2AA2AFE03C400C9941E /* Base */,
			);
			name = LaunchScreen.storyboard;
			sourceTree = "<group>";
		};
/* End PBXVariantGroup section */

/* Begin XCBuildConfiguration section */
		803AD2AD2AFE03C400C9941E /* Debug */ = {
			isa = XCBuildConfiguration;
			buildSettings = {
				ALWAYS_SEARCH_USER_PATHS = NO;
				ASSETCATALOG_COMPILER_GENERATE_SWIFT_ASSET_SYMBOL_EXTENSIONS = YES;
				CLANG_ANALYZER_NONNULL = YES;
				CLANG_ANALYZER_NUMBER_OBJECT_CONVERSION = YES_AGGRESSIVE;
				CLANG_CXX_LANGUAGE_STANDARD = "gnu++20";
				CLANG_ENABLE_MODULES = YES;
				CLANG_ENABLE_OBJC_ARC = YES;
				CLANG_ENABLE_OBJC_WEAK = YES;
				CLANG_WARN_BLOCK_CAPTURE_AUTORELEASING = YES;
				CLANG_WARN_BOOL_CONVERSION = YES;
				CLANG_WARN_COMMA = YES;
				CLANG_WARN_CONSTANT_CONVERSION = YES;
				CLANG_WARN_DEPRECATED_OBJC_IMPLEMENTATIONS = YES;
				CLANG_WARN_DIRECT_OBJC_ISA_USAGE = YES_ERROR;
				CLANG_WARN_DOCUMENTATION_COMMENTS = YES;
				CLANG_WARN_EMPTY_BODY = YES;
				CLANG_WARN_ENUM_CONVERSION = YES;
				CLANG_WARN_INFINITE_RECURSION = YES;
				CLANG_WARN_INT_CONVERSION = YES;
				CLANG_WARN_NON_LITERAL_NULL_CONVERSION = YES;
				CLANG_WARN_OBJC_IMPLICIT_RETAIN_SELF = YES;
				CLANG_WARN_OBJC_LITERAL_CONVERSION = YES;
				CLANG_WARN_OBJC_ROOT_CLASS = YES_ERROR;
				CLANG_WARN_QUOTED_INCLUDE_IN_FRAMEWORK_HEADER = YES;
				CLANG_WARN_RANGE_LOOP_ANALYSIS = YES;
				CLANG_WARN_STRICT_PROTOTYPES = YES;
				CLANG_WARN_SUSPICIOUS_MOVE = YES;
				CLANG_WARN_UNGUARDED_AVAILABILITY = YES_AGGRESSIVE;
				CLANG_WARN_UNREACHABLE_CODE = YES;
				CLANG_WARN__DUPLICATE_METHOD_MATCH = YES;
				COPY_PHASE_STRIP = NO;
				DEBUG_INFORMATION_FORMAT = dwarf;
				ENABLE_STRICT_OBJC_MSGSEND = YES;
				ENABLE_TESTABILITY = YES;
				ENABLE_USER_SCRIPT_SANDBOXING = YES;
				GCC_C_LANGUAGE_STANDARD = gnu17;
				GCC_DYNAMIC_NO_PIC = NO;
				GCC_NO_COMMON_BLOCKS = YES;
				GCC_OPTIMIZATION_LEVEL = 0;
				GCC_PREPROCESSOR_DEFINITIONS = (
					"DEBUG=1",
					"$(inherited)",
				);
				GCC_WARN_64_TO_32_BIT_CONVERSION = YES;
				GCC_WARN_ABOUT_RETURN_TYPE = YES_ERROR;
				GCC_WARN_UNDECLARED_SELECTOR = YES;
				GCC_WARN_UNINITIALIZED_AUTOS = YES_AGGRESSIVE;
				GCC_WARN_UNUSED_FUNCTION = YES;
				GCC_WARN_UNUSED_VARIABLE = YES;
				IPHONEOS_DEPLOYMENT_TARGET = 17.0;
				LOCALIZATION_PREFERS_STRING_CATALOGS = YES;
				MTL_ENABLE_DEBUG_INFO = INCLUDE_SOURCE;
				MTL_FAST_MATH = YES;
				ONLY_ACTIVE_ARCH = YES;
				SDKROOT = iphoneos;
				SWIFT_ACTIVE_COMPILATION_CONDITIONS = "DEBUG $(inherited)";
				SWIFT_OPTIMIZATION_LEVEL = "-Onone";
			};
			name = Debug;
		};
		803AD2AE2AFE03C400C9941E /* Release */ = {
			isa = XCBuildConfiguration;
			buildSettings = {
				ALWAYS_SEARCH_USER_PATHS = NO;
				ASSETCATALOG_COMPILER_GENERATE_SWIFT_ASSET_SYMBOL_EXTENSIONS = YES;
				CLANG_ANALYZER_NONNULL = YES;
				CLANG_ANALYZER_NUMBER_OBJECT_CONVERSION = YES_AGGRESSIVE;
				CLANG_CXX_LANGUAGE_STANDARD = "gnu++20";
				CLANG_ENABLE_MODULES = YES;
				CLANG_ENABLE_OBJC_ARC = YES;
				CLANG_ENABLE_OBJC_WEAK = YES;
				CLANG_WARN_BLOCK_CAPTURE_AUTORELEASING = YES;
				CLANG_WARN_BOOL_CONVERSION = YES;
				CLANG_WARN_COMMA = YES;
				CLANG_WARN_CONSTANT_CONVERSION = YES;
				CLANG_WARN_DEPRECATED_OBJC_IMPLEMENTATIONS = YES;
				CLANG_WARN_DIRECT_OBJC_ISA_USAGE = YES_ERROR;
				CLANG_WARN_DOCUMENTATION_COMMENTS = YES;
				CLANG_WARN_EMPTY_BODY = YES;
				CLANG_WARN_ENUM_CONVERSION = YES;
				CLANG_WARN_INFINITE_RECURSION = YES;
				CLANG_WARN_INT_CONVERSION = YES;
				CLANG_WARN_NON_LITERAL_NULL_CONVERSION = YES;
				CLANG_WARN_OBJC_IMPLICIT_RETAIN_SELF = YES;
				CLANG_WARN_OBJC_LITERAL_CONVERSION = YES;
				CLANG_WARN_OBJC_ROOT_CLASS = YES_ERROR;
				CLANG_WARN_QUOTED_INCLUDE_IN_FRAMEWORK_HEADER = YES;
				CLANG_WARN_RANGE_LOOP_ANALYSIS = YES;
				CLANG_WARN_STRICT_PROTOTYPES = YES;
				CLANG_WARN_SUSPICIOUS_MOVE = YES;
				CLANG_WARN_UNGUARDED_AVAILABILITY = YES_AGGRESSIVE;
				CLANG_WARN_UNREACHABLE_CODE = YES;
				CLANG_WARN__DUPLICATE_METHOD_MATCH = YES;
				COPY_PHASE_STRIP = NO;
				DEBUG_INFORMATION_FORMAT = "dwarf-with-dsym";
				ENABLE_NS_ASSERTIONS = NO;
				ENABLE_STRICT_OBJC_MSGSEND = YES;
				ENABLE_USER_SCRIPT_SANDBOXING = YES;
				GCC_C_LANGUAGE_STANDARD = gnu17;
				GCC_NO_COMMON_BLOCKS = YES;
				GCC_WARN_64_TO_32_BIT_CONVERSION = YES;
				GCC_WARN_ABOUT_RETURN_TYPE = YES_ERROR;
				GCC_WARN_UNDECLARED_SELECTOR = YES;
				GCC_WARN_UNINITIALIZED_AUTOS = YES_AGGRESSIVE;
				GCC_WARN_UNUSED_FUNCTION = YES;
				GCC_WARN_UNUSED_VARIABLE = YES;
				IPHONEOS_DEPLOYMENT_TARGET = 17.0;
				LOCALIZATION_PREFERS_STRING_CATALOGS = YES;
				MTL_ENABLE_DEBUG_INFO = NO;
				MTL_FAST_MATH = YES;
				SDKROOT = iphoneos;
				SWIFT_COMPILATION_MODE = wholemodule;
				VALIDATE_PRODUCT = YES;
			};
			name = Release;
		};
		803AD2B02AFE03C400C9941E /* Debug */ = {
			isa = XCBuildConfiguration;
			buildSettings = {
				ASSETCATALOG_COMPILER_APPICON_NAME = AppIcon;
				ASSETCATALOG_COMPILER_GLOBAL_ACCENT_COLOR_NAME = AccentColor;
				CODE_SIGN_STYLE = Automatic;
				CURRENT_PROJECT_VERSION = 1;
				DEVELOPMENT_TEAM = F2W258F5P6;
				GENERATE_INFOPLIST_FILE = YES;
				INFOPLIST_FILE = Login_Test/Info.plist;
				INFOPLIST_KEY_UIApplicationSupportsIndirectInputEvents = YES;
				INFOPLIST_KEY_UILaunchStoryboardName = LaunchScreen;
				INFOPLIST_KEY_UIMainStoryboardFile = Main;
				INFOPLIST_KEY_UISupportedInterfaceOrientations_iPad = "UIInterfaceOrientationPortrait UIInterfaceOrientationPortraitUpsideDown UIInterfaceOrientationLandscapeLeft UIInterfaceOrientationLandscapeRight";
				INFOPLIST_KEY_UISupportedInterfaceOrientations_iPhone = "UIInterfaceOrientationPortrait UIInterfaceOrientationLandscapeLeft UIInterfaceOrientationLandscapeRight";
				LD_RUNPATH_SEARCH_PATHS = (
					"$(inherited)",
					"@executable_path/Frameworks",
				);
				MARKETING_VERSION = 1.0;
				PRODUCT_BUNDLE_IDENTIFIER = "com.sunny.Login-Test";
				PRODUCT_NAME = "$(TARGET_NAME)";
				SWIFT_EMIT_LOC_STRINGS = YES;
				SWIFT_VERSION = 5.0;
				TARGETED_DEVICE_FAMILY = "1,2";
			};
			name = Debug;
		};
		803AD2B12AFE03C400C9941E /* Release */ = {
			isa = XCBuildConfiguration;
			buildSettings = {
				ASSETCATALOG_COMPILER_APPICON_NAME = AppIcon;
				ASSETCATALOG_COMPILER_GLOBAL_ACCENT_COLOR_NAME = AccentColor;
				CODE_SIGN_STYLE = Automatic;
				CURRENT_PROJECT_VERSION = 1;
				DEVELOPMENT_TEAM = F2W258F5P6;
				GENERATE_INFOPLIST_FILE = YES;
				INFOPLIST_FILE = Login_Test/Info.plist;
				INFOPLIST_KEY_UIApplicationSupportsIndirectInputEvents = YES;
				INFOPLIST_KEY_UILaunchStoryboardName = LaunchScreen;
				INFOPLIST_KEY_UIMainStoryboardFile = Main;
				INFOPLIST_KEY_UISupportedInterfaceOrientations_iPad = "UIInterfaceOrientationPortrait UIInterfaceOrientationPortraitUpsideDown UIInterfaceOrientationLandscapeLeft UIInterfaceOrientationLandscapeRight";
				INFOPLIST_KEY_UISupportedInterfaceOrientations_iPhone = "UIInterfaceOrientationPortrait UIInterfaceOrientationLandscapeLeft UIInterfaceOrientationLandscapeRight";
				LD_RUNPATH_SEARCH_PATHS = (
					"$(inherited)",
					"@executable_path/Frameworks",
				);
				MARKETING_VERSION = 1.0;
				PRODUCT_BUNDLE_IDENTIFIER = "com.sunny.Login-Test";
				PRODUCT_NAME = "$(TARGET_NAME)";
				SWIFT_EMIT_LOC_STRINGS = YES;
				SWIFT_VERSION = 5.0;
				TARGETED_DEVICE_FAMILY = "1,2";
			};
			name = Release;
		};
/* End XCBuildConfiguration section */

/* Begin XCConfigurationList section */
		803AD2962AFE03C300C9941E /* Build configuration list for PBXProject "Login_Test" */ = {
			isa = XCConfigurationList;
			buildConfigurations = (
				803AD2AD2AFE03C400C9941E /* Debug */,
				803AD2AE2AFE03C400C9941E /* Release */,
			);
			defaultConfigurationIsVisible = 0;
			defaultConfigurationName = Release;
		};
		803AD2AF2AFE03C400C9941E /* Build configuration list for PBXNativeTarget "Login_Test" */ = {
			isa = XCConfigurationList;
			buildConfigurations = (
				803AD2B02AFE03C400C9941E /* Debug */,
				803AD2B12AFE03C400C9941E /* Release */,
			);
			defaultConfigurationIsVisible = 0;
			defaultConfigurationName = Release;
		};
/* End XCConfigurationList section */

/* Begin XCRemoteSwiftPackageReference section */
		803AD2C02B03879400C9941E /* XCRemoteSwiftPackageReference "kakao-ios-sdk" */ = {
			isa = XCRemoteSwiftPackageReference;
			repositoryURL = "https://github.com/kakao/kakao-ios-sdk";
			requirement = {
				kind = upToNextMajorVersion;
				minimumVersion = 2.19.0;
			};
		};
/* End XCRemoteSwiftPackageReference section */

/* Begin XCSwiftPackageProductDependency section */
		803AD2C12B03879400C9941E /* KakaoSDK */ = {
			isa = XCSwiftPackageProductDependency;
			package = 803AD2C02B03879400C9941E /* XCRemoteSwiftPackageReference "kakao-ios-sdk" */;
			productName = KakaoSDK;
		};
		803AD2C32B03879400C9941E /* KakaoSDKAuth */ = {
			isa = XCSwiftPackageProductDependency;
			package = 803AD2C02B03879400C9941E /* XCRemoteSwiftPackageReference "kakao-ios-sdk" */;
			productName = KakaoSDKAuth;
		};
		803AD2C52B03879400C9941E /* KakaoSDKCert */ = {
			isa = XCSwiftPackageProductDependency;
			package = 803AD2C02B03879400C9941E /* XCRemoteSwiftPackageReference "kakao-ios-sdk" */;
			productName = KakaoSDKCert;
		};
		803AD2C72B03879400C9941E /* KakaoSDKCertCore */ = {
			isa = XCSwiftPackageProductDependency;
			package = 803AD2C02B03879400C9941E /* XCRemoteSwiftPackageReference "kakao-ios-sdk" */;
			productName = KakaoSDKCertCore;
		};
		803AD2C92B03879400C9941E /* KakaoSDKCommon */ = {
			isa = XCSwiftPackageProductDependency;
			package = 803AD2C02B03879400C9941E /* XCRemoteSwiftPackageReference "kakao-ios-sdk" */;
			productName = KakaoSDKCommon;
		};
		803AD2CB2B03879400C9941E /* KakaoSDKFriend */ = {
			isa = XCSwiftPackageProductDependency;
			package = 803AD2C02B03879400C9941E /* XCRemoteSwiftPackageReference "kakao-ios-sdk" */;
			productName = KakaoSDKFriend;
		};
		803AD2CD2B03879400C9941E /* KakaoSDKFriendCore */ = {
			isa = XCSwiftPackageProductDependency;
			package = 803AD2C02B03879400C9941E /* XCRemoteSwiftPackageReference "kakao-ios-sdk" */;
			productName = KakaoSDKFriendCore;
		};
		803AD2CF2B03879400C9941E /* KakaoSDKNavi */ = {
			isa = XCSwiftPackageProductDependency;
			package = 803AD2C02B03879400C9941E /* XCRemoteSwiftPackageReference "kakao-ios-sdk" */;
			productName = KakaoSDKNavi;
		};
		803AD2D12B03879400C9941E /* KakaoSDKShare */ = {
			isa = XCSwiftPackageProductDependency;
			package = 803AD2C02B03879400C9941E /* XCRemoteSwiftPackageReference "kakao-ios-sdk" */;
			productName = KakaoSDKShare;
		};
		803AD2D32B03879400C9941E /* KakaoSDKTalk */ = {
			isa = XCSwiftPackageProductDependency;
			package = 803AD2C02B03879400C9941E /* XCRemoteSwiftPackageReference "kakao-ios-sdk" */;
			productName = KakaoSDKTalk;
		};
		803AD2D52B03879400C9941E /* KakaoSDKTemplate */ = {
			isa = XCSwiftPackageProductDependency;
			package = 803AD2C02B03879400C9941E /* XCRemoteSwiftPackageReference "kakao-ios-sdk" */;
			productName = KakaoSDKTemplate;
		};
		803AD2D72B03879400C9941E /* KakaoSDKUser */ = {
			isa = XCSwiftPackageProductDependency;
			package = 803AD2C02B03879400C9941E /* XCRemoteSwiftPackageReference "kakao-ios-sdk" */;
			productName = KakaoSDKUser;
		};
/* End XCSwiftPackageProductDependency section */
	};
	rootObject = 803AD2932AFE03C300C9941E /* Project object */;
}
